
Microsoft Visual Studio Solution File, Format Version 12.00
# Visual Studio Version 16
VisualStudioVersion = 16.0.31702.278
MinimumVisualStudioVersion = 10.0.40219.1
Project("{9A19103F-16F7-4668-BE54-9A1E7A4F7556}") = "BankApplication.CLI", "Bank Application\BankApplication.CLI.csproj", "{C8D4D8DD-5089-4CA4-A883-D2DE136E84EF}"
EndProject
Global
	GlobalSection(SolutionConfigurationPlatforms) = preSolution
		Debug|Any CPU = Debug|Any CPU
		Release|Any CPU = Release|Any CPU
	EndGlobalSection
	GlobalSection(ProjectConfigurationPlatforms) = postSolution
		{C8D4D8DD-5089-4CA4-A883-D2DE136E84EF}.Debug|Any CPU.ActiveCfg = Debug|Any CPU
		{C8D4D8DD-5089-4CA4-A883-D2DE136E84EF}.Debug|Any CPU.Build.0 = Debug|Any CPU
		{C8D4D8DD-5089-4CA4-A883-D2DE136E84EF}.Release|Any CPU.ActiveCfg = Release|Any CPU
		{C8D4D8DD-5089-4CA4-A883-D2DE136E84EF}.Release|Any CPU.Build.0 = Release|Any CPU
	EndGlobalSection
	GlobalSection(SolutionProperties) = preSolution
		HideSolutionNode = FALSE
	EndGlobalSection
	GlobalSection(ExtensibilityGlobals) = postSolution
		SolutionGuid = {A79235DB-EE51-4EA8-BD3C-10741C7E172D}
	EndGlobalSection
EndGlobal
